schema: '2.0'
stages:
  data_split:
    cmd: python stages/data_split.py --config=params.yaml
    deps:
    - path: data/Churn_Modelling.csv
      md5: 73fba4fd85b6dbaf95c9d5e3836d3926
      size: 684860
    - path: stages/data_split.py
      md5: 519fbe22a8ce712999f28010f3c56fe6
      size: 1606
    params:
      params.yaml:
        base:
          project: bank_customer_churn
          data_dir: data
          data_fname: Churn_Modelling.csv
          cat_cols:
          - Geography
          num_cols:
          - CreditScore
          - Age
          - Tenure
          - Balance
          - NumOfProducts
          - HasCrCard
          - IsActiveMember
          - EstimatedSalary
          targ_col: Exited
          random_state: 42
          model_dir: .mlem/model
        data_split:
          test_size: 0.25
    outs:
    - path: data/X_test.pkl
      md5: fcd1b7e28f320159a0eed658ee56ba97
      size: 186030
    - path: data/X_train.pkl
      md5: 7caa1ff6b9fd082639f697e702dacb15
      size: 556049
    - path: data/y_test.pkl
      md5: 7743d704b8b97cc303ceef12b9be6832
      size: 60613
    - path: data/y_train.pkl
      md5: c5e58ac55c3f8077ffac66b0e9b3536a
      size: 180622
  train:
    cmd: python stages/train.py --config=params.yaml
    deps:
    - path: data/X_train.pkl
      md5: 7caa1ff6b9fd082639f697e702dacb15
      size: 556049
    - path: data/y_train.pkl
      md5: c5e58ac55c3f8077ffac66b0e9b3536a
      size: 180622
    - path: stages/train.py
      md5: 5b39947c77841799b2c970cd662dd6da
      size: 2428
    params:
      params.yaml:
        base:
          project: bank_customer_churn
          data_dir: data
          data_fname: Churn_Modelling.csv
          cat_cols:
          - Geography
          num_cols:
          - CreditScore
          - Age
          - Tenure
          - Balance
          - NumOfProducts
          - HasCrCard
          - IsActiveMember
          - EstimatedSalary
          targ_col: Exited
          random_state: 42
          model_dir: .mlem/model
        train:
          model_type: randomforest
          params:
            n_estimators: 150
            max_depth: 15
    outs:
    - path: .mlem/model/clf-model
      md5: 8751d511f81e2f91f06fd64c44484503
      size: 16506539
    - path: .mlem/model/clf-model.mlem
      md5: 2df3bfd89dde1629fa04d125c5bc8bf5
      size: 3252
  eval:
    cmd: python stages/eval.py --config=params.yaml
    deps:
    - path: .mlem/model/clf-model
      md5: 8751d511f81e2f91f06fd64c44484503
      size: 16506539
    - path: .mlem/model/clf-model.mlem
      md5: 2df3bfd89dde1629fa04d125c5bc8bf5
      size: 3252
    - path: data/X_test.pkl
      md5: fcd1b7e28f320159a0eed658ee56ba97
      size: 186030
    - path: data/y_test.pkl
      md5: 7743d704b8b97cc303ceef12b9be6832
      size: 60613
    - path: stages/eval.py
      md5: 01cf10dab98aed930e7bc2eea7439b9d
      size: 2692
    params:
      params.yaml:
        base:
          project: bank_customer_churn
          data_dir: data
          data_fname: Churn_Modelling.csv
          cat_cols:
          - Geography
          num_cols:
          - CreditScore
          - Age
          - Tenure
          - Balance
          - NumOfProducts
          - HasCrCard
          - IsActiveMember
          - EstimatedSalary
          targ_col: Exited
          random_state: 42
          model_dir: .mlem/model
        data_split:
          test_size: 0.25
        train:
          model_type: randomforest
          params:
            n_estimators: 150
            max_depth: 15
    outs:
    - path: eval_plots/cm.png
      md5: c86fff702e890f6dbbf89adc6cfe3d3c
      size: 10231
    - path: eval_plots/plots/roc.json
      md5: 2a0c382d788fddb082156a4db781b707
      size: 79220
    - path: feat_imp.csv
      md5: cbf7ad5a2bbffe802927b560f317d913
      size: 297
    - path: metrics.json
      md5: 096c20d40fcb880531a5997d423f0fe2
      size: 67
    - path: models/perm_imp.joblib
      md5: 9d70de3ce43e487f6ffded0be02c2265
      size: 16499964
