schema: '2.0'
stages:
  check_packages:
    cmd: pipenv run pip freeze > requirements.txt
    outs:
    - path: requirements.txt
      md5: e3621b3cbfaf4e26052473d91f8bd10f
      size: 1733
  data_split:
    cmd: python stages/data_split.py --config=params.yaml
    deps:
    - path: data/Churn_Modelling.csv
      md5: 7321aa9a1e24a9e139f42124f736b415
      size: 684858
    - path: requirements.txt
      md5: e3621b3cbfaf4e26052473d91f8bd10f
      size: 1733
    - path: stages/data_split.py
      md5: 6b3106607eebd9aed4c292e1f68a3b52
      size: 1512
    params:
      params.yaml:
        base:
          project: bank_customer_churn
          data_dir: data
          data_fname: Churn_Modelling.csv
          cat_cols:
          - Geography
          - Gender
          num_cols:
          - CreditScore
          - Age
          - Tenure
          - Balance
          - NumOfProducts
          - HasCrCard
          - IsActiveMember
          - EstimatedSalary
          targ_col: Exited
          random_state: 42
        data_split:
          test_size: 0.25
    outs:
    - path: data/X_test.pkl
      md5: ed4694a9b43123ef7fc1cc82d2324d63
      size: 191055
    - path: data/X_train.pkl
      md5: b67fd58d5da69337bebaaa43f9827c2b
      size: 571084
    - path: data/y_test.pkl
      md5: 7743d704b8b97cc303ceef12b9be6832
      size: 60613
    - path: data/y_train.pkl
      md5: c5e58ac55c3f8077ffac66b0e9b3536a
      size: 180622
  train:
    cmd: python stages/train.py --config=params.yaml
    deps:
    - path: data/X_train.pkl
      md5: b67fd58d5da69337bebaaa43f9827c2b
      size: 571084
    - path: data/y_train.pkl
      md5: c5e58ac55c3f8077ffac66b0e9b3536a
      size: 180622
    - path: requirements.txt
      md5: e3621b3cbfaf4e26052473d91f8bd10f
      size: 1733
    - path: stages/train.py
      md5: 5874747e8ecea0007ddfd1ef980c5b13
      size: 2399
    params:
      params.yaml:
        base:
          project: bank_customer_churn
          data_dir: data
          data_fname: Churn_Modelling.csv
          cat_cols:
          - Geography
          - Gender
          num_cols:
          - CreditScore
          - Age
          - Tenure
          - Balance
          - NumOfProducts
          - HasCrCard
          - IsActiveMember
          - EstimatedSalary
          targ_col: Exited
          random_state: 42
        train:
          models_dir: models
          model_fname: pipe.joblib
          n_estimators: 200
          num_leaves: 50
          learning_rate: 0.1
    outs:
    - path: models/pipe.joblib
      md5: 90ad57cdd279c3aa49fb1c4519efd179
      size: 1088359
  eval:
    cmd: python stages/eval.py --config=params.yaml
    deps:
    - path: data/X_test.pkl
      md5: ed4694a9b43123ef7fc1cc82d2324d63
      size: 191055
    - path: data/y_test.pkl
      md5: 7743d704b8b97cc303ceef12b9be6832
      size: 60613
    - path: models/pipe.joblib
      md5: 90ad57cdd279c3aa49fb1c4519efd179
      size: 1088359
    - path: requirements.txt
      md5: e3621b3cbfaf4e26052473d91f8bd10f
      size: 1733
    - path: stages/eval.py
      md5: 0662508ca37f585315438d731cd2bf9f
      size: 2201
    params:
      params.yaml:
        base:
          project: bank_customer_churn
          data_dir: data
          data_fname: Churn_Modelling.csv
          cat_cols:
          - Geography
          - Gender
          num_cols:
          - CreditScore
          - Age
          - Tenure
          - Balance
          - NumOfProducts
          - HasCrCard
          - IsActiveMember
          - EstimatedSalary
          targ_col: Exited
          random_state: 42
        data_split:
          test_size: 0.25
        eval:
          metrics_dir: metrics
          metrics_fname: metrics.json
          confusion_matrix_fname: cm.png
        train:
          models_dir: models
          model_fname: pipe.joblib
          n_estimators: 200
          num_leaves: 50
          learning_rate: 0.1
    outs:
    - path: metrics/metrics.json
      md5: fb82bc350b436c4fe759436a6e092a4d
      size: 349
